
Microsoft Visual Studio Solution File, Format Version 12.00
# Visual Studio 2012
Project("{FAE04EC0-301F-11D3-BF4B-00C04F79EFBC}") = "HeFei.Core", "HeFei.Core\HeFei.Core.csproj", "{49DBAF8D-A492-4A82-A4DC-343B8CC4E61F}"
EndProject
Project("{FAE04EC0-301F-11D3-BF4B-00C04F79EFBC}") = "HeFei.Web", "HeFei.Web\HeFei.Web.csproj", "{369F2CB0-9191-41E3-8DAA-D4F5C193DC73}"
EndProject
Global
	GlobalSection(SolutionConfigurationPlatforms) = preSolution
		Debug|Any CPU = Debug|Any CPU
		Release|Any CPU = Release|Any CPU
	EndGlobalSection
	GlobalSection(ProjectConfigurationPlatforms) = postSolution
		{49DBAF8D-A492-4A82-A4DC-343B8CC4E61F}.Debug|Any CPU.ActiveCfg = Debug|Any CPU
		{49DBAF8D-A492-4A82-A4DC-343B8CC4E61F}.Debug|Any CPU.Build.0 = Debug|Any CPU
		{49DBAF8D-A492-4A82-A4DC-343B8CC4E61F}.Release|Any CPU.ActiveCfg = Release|Any CPU
		{49DBAF8D-A492-4A82-A4DC-343B8CC4E61F}.Release|Any CPU.Build.0 = Release|Any CPU
		{369F2CB0-9191-41E3-8DAA-D4F5C193DC73}.Debug|Any CPU.ActiveCfg = Debug|Any CPU
		{369F2CB0-9191-41E3-8DAA-D4F5C193DC73}.Debug|Any CPU.Build.0 = Debug|Any CPU
		{369F2CB0-9191-41E3-8DAA-D4F5C193DC73}.Release|Any CPU.ActiveCfg = Release|Any CPU
		{369F2CB0-9191-41E3-8DAA-D4F5C193DC73}.Release|Any CPU.Build.0 = Release|Any CPU
	EndGlobalSection
	GlobalSection(SolutionProperties) = preSolution
		HideSolutionNode = FALSE
	EndGlobalSection
EndGlobal
